// !$*UTF8*$!
{
	archiveVersion = 1;
	classes = {
	};
	objectVersion = 55;
	objects = {

/* Begin PBXBuildFile section */
		78002B64286E764300B3B8B4 /* CMIApp.swift in Sources */ = {isa = PBXBuildFile; fileRef = 78002B63286E764300B3B8B4 /* CMIApp.swift */; };
		78002B66286E764300B3B8B4 /* ContentView.swift in Sources */ = {isa = PBXBuildFile; fileRef = 78002B65286E764300B3B8B4 /* ContentView.swift */; };
		78002B68286E764400B3B8B4 /* Assets.xcassets in Resources */ = {isa = PBXBuildFile; fileRef = 78002B67286E764400B3B8B4 /* Assets.xcassets */; };
		78002B6B286E764400B3B8B4 /* Preview Assets.xcassets in Resources */ = {isa = PBXBuildFile; fileRef = 78002B6A286E764400B3B8B4 /* Preview Assets.xcassets */; };
		7819C1062887242100E7BE73 /* Login.swift in Sources */ = {isa = PBXBuildFile; fileRef = 7819C1052887242100E7BE73 /* Login.swift */; };
		784FA60028919F7500DF30BE /* DetalleModulo.swift in Sources */ = {isa = PBXBuildFile; fileRef = 784FA5FF28919F7500DF30BE /* DetalleModulo.swift */; };
		784FA6042891BBE900DF30BE /* Filtro.swift in Sources */ = {isa = PBXBuildFile; fileRef = 784FA6032891BBE900DF30BE /* Filtro.swift */; };
		784FA6062891BD6900DF30BE /* DropDownPeriodos.swift in Sources */ = {isa = PBXBuildFile; fileRef = 784FA6052891BD6900DF30BE /* DropDownPeriodos.swift */; };
		784FA6082891C6F500DF30BE /* DropDownEjercicioFiscal.swift in Sources */ = {isa = PBXBuildFile; fileRef = 784FA6072891C6F500DF30BE /* DropDownEjercicioFiscal.swift */; };
		784FA60A2891C7A700DF30BE /* DropDownEntidadFederativa.swift in Sources */ = {isa = PBXBuildFile; fileRef = 784FA6092891C7A700DF30BE /* DropDownEntidadFederativa.swift */; };
		784FA60C2891C7DB00DF30BE /* DropDownSubsistema.swift in Sources */ = {isa = PBXBuildFile; fileRef = 784FA60B2891C7DB00DF30BE /* DropDownSubsistema.swift */; };
		784FA60E2891C7EA00DF30BE /* DropDownInstitucion.swift in Sources */ = {isa = PBXBuildFile; fileRef = 784FA60D2891C7EA00DF30BE /* DropDownInstitucion.swift */; };
		7857F15828A6A99E00D75FC3 /* TasaBrutaEscolarizacionCoberturaEntidadFederativaModel.swift in Sources */ = {isa = PBXBuildFile; fileRef = 7857F15728A6A99E00D75FC3 /* TasaBrutaEscolarizacionCoberturaEntidadFederativaModel.swift */; };
		7857F15A28A6B35800D75FC3 /* TasaBrutaEscolarizacionCoberturaInstitucionModel.swift in Sources */ = {isa = PBXBuildFile; fileRef = 7857F15928A6B35800D75FC3 /* TasaBrutaEscolarizacionCoberturaInstitucionModel.swift */; };
		7857F15C28A7051700D75FC3 /* TasaBrutaEscolarizacionPoblacionPrimerosCuatroDecilesIngresoModel.swift in Sources */ = {isa = PBXBuildFile; fileRef = 7857F15B28A7051700D75FC3 /* TasaBrutaEscolarizacionPoblacionPrimerosCuatroDecilesIngresoModel.swift */; };
		7857F15E28A712A600D75FC3 /* PorcentajeEficienciaTerminalSistemaEducativoNacionalModel.swift in Sources */ = {isa = PBXBuildFile; fileRef = 7857F15D28A712A600D75FC3 /* PorcentajeEficienciaTerminalSistemaEducativoNacionalModel.swift */; };
		7857F16028A719F700D75FC3 /* PorcentajeAbanonoEscolarModel.swift in Sources */ = {isa = PBXBuildFile; fileRef = 7857F15F28A719F700D75FC3 /* PorcentajeAbanonoEscolarModel.swift */; };
		7857F16228A725D400D75FC3 /* GastoFederalEducacionPorcentajePibIesModel.swift in Sources */ = {isa = PBXBuildFile; fileRef = 7857F16128A725D400D75FC3 /* GastoFederalEducacionPorcentajePibIesModel.swift */; };
		7857F16428A729F000D75FC3 /* GastoFederalEducacionPorcentajePibEntidadModel.swift in Sources */ = {isa = PBXBuildFile; fileRef = 7857F16328A729F000D75FC3 /* GastoFederalEducacionPorcentajePibEntidadModel.swift */; };
		7860F2BB28BFF4B9003A17E6 /* DetalleListadoOrdU006.swift in Sources */ = {isa = PBXBuildFile; fileRef = 7860F2BA28BFF4B9003A17E6 /* DetalleListadoOrdU006.swift */; };
		7860F2BE28BFFB93003A17E6 /* OrdinarioU006.swift in Sources */ = {isa = PBXBuildFile; fileRef = 7860F2BD28BFFB93003A17E6 /* OrdinarioU006.swift */; };
		7866D87F28AC189800B71244 /* FichaViewModel.swift in Sources */ = {isa = PBXBuildFile; fileRef = 7866D87E28AC189800B71244 /* FichaViewModel.swift */; };
		7866D88228AC19A900B71244 /* FichaModuloIModel.swift in Sources */ = {isa = PBXBuildFile; fileRef = 7866D88128AC19A900B71244 /* FichaModuloIModel.swift */; };
		7872727B289444B80018DAB5 /* FichaModulo_I.swift in Sources */ = {isa = PBXBuildFile; fileRef = 7872727A289444B80018DAB5 /* FichaModulo_I.swift */; };
		7872727D289444C70018DAB5 /* FichaModulo_II.swift in Sources */ = {isa = PBXBuildFile; fileRef = 7872727C289444C70018DAB5 /* FichaModulo_II.swift */; };
		7872727F289444D70018DAB5 /* FichaModulo_III.swift in Sources */ = {isa = PBXBuildFile; fileRef = 7872727E289444D70018DAB5 /* FichaModulo_III.swift */; };
		787272872899C0AA0018DAB5 /* AuthUser.swift in Sources */ = {isa = PBXBuildFile; fileRef = 787272862899C0AA0018DAB5 /* AuthUser.swift */; };
		787272892899C5BD0018DAB5 /* LoginModel.swift in Sources */ = {isa = PBXBuildFile; fileRef = 787272882899C5BD0018DAB5 /* LoginModel.swift */; };
		7872728D2899D1B00018DAB5 /* AppDelegate.swift in Sources */ = {isa = PBXBuildFile; fileRef = 7872728C2899D1B00018DAB5 /* AppDelegate.swift */; };
		7881D8DC28C25A62006142C8 /* ListadoU080.swift in Sources */ = {isa = PBXBuildFile; fileRef = 7881D8DB28C25A62006142C8 /* ListadoU080.swift */; };
		7881D8DE28C25A6F006142C8 /* GraficaU080.swift in Sources */ = {isa = PBXBuildFile; fileRef = 7881D8DD28C25A6F006142C8 /* GraficaU080.swift */; };
		7881D8E028C25A81006142C8 /* DetalleListadoU080.swift in Sources */ = {isa = PBXBuildFile; fileRef = 7881D8DF28C25A81006142C8 /* DetalleListadoU080.swift */; };
		7881D8E228C25A99006142C8 /* DetalleItemU080.swift in Sources */ = {isa = PBXBuildFile; fileRef = 7881D8E128C25A99006142C8 /* DetalleItemU080.swift */; };
		7881D8E428C25B83006142C8 /* U080.swift in Sources */ = {isa = PBXBuildFile; fileRef = 7881D8E328C25B83006142C8 /* U080.swift */; };
		7886262D28A439A200048F74 /* TasaBrutaEscolarizacionCoberturaModel.swift in Sources */ = {isa = PBXBuildFile; fileRef = 7886262C28A439A200048F74 /* TasaBrutaEscolarizacionCoberturaModel.swift */; };
		7886262F28A4421F00048F74 /* ModuloViewModel.swift in Sources */ = {isa = PBXBuildFile; fileRef = 7886262E28A4421F00048F74 /* ModuloViewModel.swift */; };
		788F066A28BE6A5F00A61A5B /* NetworkManager.swift in Sources */ = {isa = PBXBuildFile; fileRef = 788F066928BE6A5F00A61A5B /* NetworkManager.swift */; };
		788F067028BE858000A61A5B /* ListadoOrdU006.swift in Sources */ = {isa = PBXBuildFile; fileRef = 788F066F28BE858000A61A5B /* ListadoOrdU006.swift */; };
		788F067228BE858E00A61A5B /* GraficaOrdU006.swift in Sources */ = {isa = PBXBuildFile; fileRef = 788F067128BE858E00A61A5B /* GraficaOrdU006.swift */; };
		788FD89F28A57C7D002C97F3 /* DetalleItem.swift in Sources */ = {isa = PBXBuildFile; fileRef = 788FD89E28A57C7D002C97F3 /* DetalleItem.swift */; };
		789107212891CE0F00CCB68C /* DetalleIndicador.swift in Sources */ = {isa = PBXBuildFile; fileRef = 789107202891CE0F00CCB68C /* DetalleIndicador.swift */; };
		78B84E0C28BD4FFD0059D6B7 /* WebViewExcel.swift in Sources */ = {isa = PBXBuildFile; fileRef = 78B84E0B28BD4FFD0059D6B7 /* WebViewExcel.swift */; };
		78C249C528AD5B120084B799 /* WebView.swift in Sources */ = {isa = PBXBuildFile; fileRef = 78C249C428AD5B120084B799 /* WebView.swift */; };
		78C249C828AD850B0084B799 /* FiltroModel.swift in Sources */ = {isa = PBXBuildFile; fileRef = 78C249C728AD850B0084B799 /* FiltroModel.swift */; };
		78C249CA28AD85A80084B799 /* FiltroViewModel.swift in Sources */ = {isa = PBXBuildFile; fileRef = 78C249C928AD85A80084B799 /* FiltroViewModel.swift */; };
		78D13CE3287F3B4D0038EE47 /* Utils.swift in Sources */ = {isa = PBXBuildFile; fileRef = 78D13CE2287F3B4D0038EE47 /* Utils.swift */; };
		78D9F881288A0CC70087A35A /* Modulo.swift in Sources */ = {isa = PBXBuildFile; fileRef = 78D9F880288A0CC70087A35A /* Modulo.swift */; };
		78DF28FD2885D62500106EF7 /* SlideMenu.swift in Sources */ = {isa = PBXBuildFile; fileRef = 78DF28FC2885D62500106EF7 /* SlideMenu.swift */; };
		78DF28FF2885D91B00106EF7 /* Home.swift in Sources */ = {isa = PBXBuildFile; fileRef = 78DF28FE2885D91B00106EF7 /* Home.swift */; };
		78DF29012886064700106EF7 /* Inicio.swift in Sources */ = {isa = PBXBuildFile; fileRef = 78DF29002886064700106EF7 /* Inicio.swift */; };
		78DF290428861E2500106EF7 /* TopBand.swift in Sources */ = {isa = PBXBuildFile; fileRef = 78DF290328861E2500106EF7 /* TopBand.swift */; };
		78DF290628861E7B00106EF7 /* MenuButton.swift in Sources */ = {isa = PBXBuildFile; fileRef = 78DF290528861E7B00106EF7 /* MenuButton.swift */; };
		78DF290828861F9500106EF7 /* ViewRouter.swift in Sources */ = {isa = PBXBuildFile; fileRef = 78DF290728861F9500106EF7 /* ViewRouter.swift */; };
		78DF290A288622E400106EF7 /* AcercaDe.swift in Sources */ = {isa = PBXBuildFile; fileRef = 78DF2909288622E400106EF7 /* AcercaDe.swift */; };
		78F3178028C11CFD00389DBF /* DetalleItemOrdU006.swift in Sources */ = {isa = PBXBuildFile; fileRef = 78F3177F28C11CFD00389DBF /* DetalleItemOrdU006.swift */; };
		78F3178228C1377A00389DBF /* UniversidadesCrisis.swift in Sources */ = {isa = PBXBuildFile; fileRef = 78F3178128C1377A00389DBF /* UniversidadesCrisis.swift */; };
		78F3178928C1456600389DBF /* ListadoUniversidadesCrisis.swift in Sources */ = {isa = PBXBuildFile; fileRef = 78F3178828C1456600389DBF /* ListadoUniversidadesCrisis.swift */; };
		78F3178B28C1457700389DBF /* GraficaUniversidadesCrisis.swift in Sources */ = {isa = PBXBuildFile; fileRef = 78F3178A28C1457700389DBF /* GraficaUniversidadesCrisis.swift */; };
		78F3178D28C1458A00389DBF /* DetalleListadoUniversidadesCrisis.swift in Sources */ = {isa = PBXBuildFile; fileRef = 78F3178C28C1458A00389DBF /* DetalleListadoUniversidadesCrisis.swift */; };
		78F3178F28C1459B00389DBF /* DetalleItemUniversidadesCrisis.swift in Sources */ = {isa = PBXBuildFile; fileRef = 78F3178E28C1459B00389DBF /* DetalleItemUniversidadesCrisis.swift */; };
		78F3179128C16AFB00389DBF /* ExtraordinarioS247.swift in Sources */ = {isa = PBXBuildFile; fileRef = 78F3179028C16AFB00389DBF /* ExtraordinarioS247.swift */; };
		78F3179428C16CD200389DBF /* ListadoExtraordinarioS247.swift in Sources */ = {isa = PBXBuildFile; fileRef = 78F3179328C16CD200389DBF /* ListadoExtraordinarioS247.swift */; };
		78F3179628C16CE000389DBF /* GraficaExtraordinarioS247.swift in Sources */ = {isa = PBXBuildFile; fileRef = 78F3179528C16CE000389DBF /* GraficaExtraordinarioS247.swift */; };
		78F3179828C16CEF00389DBF /* DetalleListadoExtraordinarioS247.swift in Sources */ = {isa = PBXBuildFile; fileRef = 78F3179728C16CEF00389DBF /* DetalleListadoExtraordinarioS247.swift */; };
		78F3179A28C16D0200389DBF /* DetalleItemExtraordinarioS247.swift in Sources */ = {isa = PBXBuildFile; fileRef = 78F3179928C16D0200389DBF /* DetalleItemExtraordinarioS247.swift */; };
		78F3179D28C1740C00389DBF /* ExtraordinarioU006.swift in Sources */ = {isa = PBXBuildFile; fileRef = 78F3179C28C1740C00389DBF /* ExtraordinarioU006.swift */; };
		78F3179F28C175ED00389DBF /* ListadoExtraordinarioU006.swift in Sources */ = {isa = PBXBuildFile; fileRef = 78F3179E28C175ED00389DBF /* ListadoExtraordinarioU006.swift */; };
		78F317A128C175FF00389DBF /* GraficaExtraordinarioU006.swift in Sources */ = {isa = PBXBuildFile; fileRef = 78F317A028C175FF00389DBF /* GraficaExtraordinarioU006.swift */; };
		78F317A328C1761300389DBF /* DetalleListadoExtraordinarioU006.swift in Sources */ = {isa = PBXBuildFile; fileRef = 78F317A228C1761300389DBF /* DetalleListadoExtraordinarioU006.swift */; };
		78F317A528C1762100389DBF /* DetalleItemExtraordinarioU006.swift in Sources */ = {isa = PBXBuildFile; fileRef = 78F317A428C1762100389DBF /* DetalleItemExtraordinarioU006.swift */; };
/* End PBXBuildFile section */

/* Begin PBXFileReference section */
		78002B60286E764300B3B8B4 /* CMI - DGESUI.app */ = {isa = PBXFileReference; explicitFileType = wrapper.application; includeInIndex = 0; path = "CMI - DGESUI.app"; sourceTree = BUILT_PRODUCTS_DIR; };
		78002B63286E764300B3B8B4 /* CMIApp.swift */ = {isa = PBXFileReference; lastKnownFileType = sourcecode.swift; path = CMIApp.swift; sourceTree = "<group>"; };
		78002B65286E764300B3B8B4 /* ContentView.swift */ = {isa = PBXFileReference; lastKnownFileType = sourcecode.swift; path = ContentView.swift; sourceTree = "<group>"; };
		78002B67286E764400B3B8B4 /* Assets.xcassets */ = {isa = PBXFileReference; lastKnownFileType = folder.assetcatalog; path = Assets.xcassets; sourceTree = "<group>"; };
		78002B6A286E764400B3B8B4 /* Preview Assets.xcassets */ = {isa = PBXFileReference; lastKnownFileType = folder.assetcatalog; path = "Preview Assets.xcassets"; sourceTree = "<group>"; };
		7819C1052887242100E7BE73 /* Login.swift */ = {isa = PBXFileReference; lastKnownFileType = sourcecode.swift; path = Login.swift; sourceTree = "<group>"; };
		784FA5FF28919F7500DF30BE /* DetalleModulo.swift */ = {isa = PBXFileReference; lastKnownFileType = sourcecode.swift; path = DetalleModulo.swift; sourceTree = "<group>"; };
		784FA6032891BBE900DF30BE /* Filtro.swift */ = {isa = PBXFileReference; lastKnownFileType = sourcecode.swift; path = Filtro.swift; sourceTree = "<group>"; };
		784FA6052891BD6900DF30BE /* DropDownPeriodos.swift */ = {isa = PBXFileReference; lastKnownFileType = sourcecode.swift; path = DropDownPeriodos.swift; sourceTree = "<group>"; };
		784FA6072891C6F500DF30BE /* DropDownEjercicioFiscal.swift */ = {isa = PBXFileReference; lastKnownFileType = sourcecode.swift; path = DropDownEjercicioFiscal.swift; sourceTree = "<group>"; };
		784FA6092891C7A700DF30BE /* DropDownEntidadFederativa.swift */ = {isa = PBXFileReference; lastKnownFileType = sourcecode.swift; path = DropDownEntidadFederativa.swift; sourceTree = "<group>"; };
		784FA60B2891C7DB00DF30BE /* DropDownSubsistema.swift */ = {isa = PBXFileReference; lastKnownFileType = sourcecode.swift; path = DropDownSubsistema.swift; sourceTree = "<group>"; };
		784FA60D2891C7EA00DF30BE /* DropDownInstitucion.swift */ = {isa = PBXFileReference; lastKnownFileType = sourcecode.swift; path = DropDownInstitucion.swift; sourceTree = "<group>"; };
		7857F15728A6A99E00D75FC3 /* TasaBrutaEscolarizacionCoberturaEntidadFederativaModel.swift */ = {isa = PBXFileReference; lastKnownFileType = sourcecode.swift; path = TasaBrutaEscolarizacionCoberturaEntidadFederativaModel.swift; sourceTree = "<group>"; };
		7857F15928A6B35800D75FC3 /* TasaBrutaEscolarizacionCoberturaInstitucionModel.swift */ = {isa = PBXFileReference; lastKnownFileType = sourcecode.swift; path = TasaBrutaEscolarizacionCoberturaInstitucionModel.swift; sourceTree = "<group>"; };
		7857F15B28A7051700D75FC3 /* TasaBrutaEscolarizacionPoblacionPrimerosCuatroDecilesIngresoModel.swift */ = {isa = PBXFileReference; lastKnownFileType = sourcecode.swift; path = TasaBrutaEscolarizacionPoblacionPrimerosCuatroDecilesIngresoModel.swift; sourceTree = "<group>"; };
		7857F15D28A712A600D75FC3 /* PorcentajeEficienciaTerminalSistemaEducativoNacionalModel.swift */ = {isa = PBXFileReference; lastKnownFileType = sourcecode.swift; path = PorcentajeEficienciaTerminalSistemaEducativoNacionalModel.swift; sourceTree = "<group>"; };
		7857F15F28A719F700D75FC3 /* PorcentajeAbanonoEscolarModel.swift */ = {isa = PBXFileReference; lastKnownFileType = sourcecode.swift; path = PorcentajeAbanonoEscolarModel.swift; sourceTree = "<group>"; };
		7857F16128A725D400D75FC3 /* GastoFederalEducacionPorcentajePibIesModel.swift */ = {isa = PBXFileReference; lastKnownFileType = sourcecode.swift; path = GastoFederalEducacionPorcentajePibIesModel.swift; sourceTree = "<group>"; };
		7857F16328A729F000D75FC3 /* GastoFederalEducacionPorcentajePibEntidadModel.swift */ = {isa = PBXFileReference; lastKnownFileType = sourcecode.swift; path = GastoFederalEducacionPorcentajePibEntidadModel.swift; sourceTree = "<group>"; };
		7860F2BA28BFF4B9003A17E6 /* DetalleListadoOrdU006.swift */ = {isa = PBXFileReference; lastKnownFileType = sourcecode.swift; path = DetalleListadoOrdU006.swift; sourceTree = "<group>"; };
		7860F2BD28BFFB93003A17E6 /* OrdinarioU006.swift */ = {isa = PBXFileReference; lastKnownFileType = sourcecode.swift; path = OrdinarioU006.swift; sourceTree = "<group>"; };
		7866D87E28AC189800B71244 /* FichaViewModel.swift */ = {isa = PBXFileReference; lastKnownFileType = sourcecode.swift; path = FichaViewModel.swift; sourceTree = "<group>"; };
		7866D88128AC19A900B71244 /* FichaModuloIModel.swift */ = {isa = PBXFileReference; lastKnownFileType = sourcecode.swift; path = FichaModuloIModel.swift; sourceTree = "<group>"; };
		7872727A289444B80018DAB5 /* FichaModulo_I.swift */ = {isa = PBXFileReference; lastKnownFileType = sourcecode.swift; path = FichaModulo_I.swift; sourceTree = "<group>"; };
		7872727C289444C70018DAB5 /* FichaModulo_II.swift */ = {isa = PBXFileReference; lastKnownFileType = sourcecode.swift; path = FichaModulo_II.swift; sourceTree = "<group>"; };
		7872727E289444D70018DAB5 /* FichaModulo_III.swift */ = {isa = PBXFileReference; lastKnownFileType = sourcecode.swift; path = FichaModulo_III.swift; sourceTree = "<group>"; };
		787272862899C0AA0018DAB5 /* AuthUser.swift */ = {isa = PBXFileReference; lastKnownFileType = sourcecode.swift; path = AuthUser.swift; sourceTree = "<group>"; };
		787272882899C5BD0018DAB5 /* LoginModel.swift */ = {isa = PBXFileReference; lastKnownFileType = sourcecode.swift; path = LoginModel.swift; sourceTree = "<group>"; };
		7872728A2899C9660018DAB5 /* Info.plist */ = {isa = PBXFileReference; lastKnownFileType = text.plist; path = Info.plist; sourceTree = "<group>"; };
		7872728C2899D1B00018DAB5 /* AppDelegate.swift */ = {isa = PBXFileReference; lastKnownFileType = sourcecode.swift; path = AppDelegate.swift; sourceTree = "<group>"; };
		7881D8DB28C25A62006142C8 /* ListadoU080.swift */ = {isa = PBXFileReference; lastKnownFileType = sourcecode.swift; path = ListadoU080.swift; sourceTree = "<group>"; };
		7881D8DD28C25A6F006142C8 /* GraficaU080.swift */ = {isa = PBXFileReference; lastKnownFileType = sourcecode.swift; path = GraficaU080.swift; sourceTree = "<group>"; };
		7881D8DF28C25A81006142C8 /* DetalleListadoU080.swift */ = {isa = PBXFileReference; lastKnownFileType = sourcecode.swift; path = DetalleListadoU080.swift; sourceTree = "<group>"; };
		7881D8E128C25A99006142C8 /* DetalleItemU080.swift */ = {isa = PBXFileReference; lastKnownFileType = sourcecode.swift; path = DetalleItemU080.swift; sourceTree = "<group>"; };
		7881D8E328C25B83006142C8 /* U080.swift */ = {isa = PBXFileReference; lastKnownFileType = sourcecode.swift; path = U080.swift; sourceTree = "<group>"; };
		7886262C28A439A200048F74 /* TasaBrutaEscolarizacionCoberturaModel.swift */ = {isa = PBXFileReference; lastKnownFileType = sourcecode.swift; path = TasaBrutaEscolarizacionCoberturaModel.swift; sourceTree = "<group>"; };
		7886262E28A4421F00048F74 /* ModuloViewModel.swift */ = {isa = PBXFileReference; lastKnownFileType = sourcecode.swift; path = ModuloViewModel.swift; sourceTree = "<group>"; };
		788F066928BE6A5F00A61A5B /* NetworkManager.swift */ = {isa = PBXFileReference; lastKnownFileType = sourcecode.swift; path = NetworkManager.swift; sourceTree = "<group>"; };
		788F066F28BE858000A61A5B /* ListadoOrdU006.swift */ = {isa = PBXFileReference; lastKnownFileType = sourcecode.swift; path = ListadoOrdU006.swift; sourceTree = "<group>"; };
		788F067128BE858E00A61A5B /* GraficaOrdU006.swift */ = {isa = PBXFileReference; lastKnownFileType = sourcecode.swift; path = GraficaOrdU006.swift; sourceTree = "<group>"; };
		788FD89E28A57C7D002C97F3 /* DetalleItem.swift */ = {isa = PBXFileReference; lastKnownFileType = sourcecode.swift; path = DetalleItem.swift; sourceTree = "<group>"; };
		789107202891CE0F00CCB68C /* DetalleIndicador.swift */ = {isa = PBXFileReference; lastKnownFileType = sourcecode.swift; path = DetalleIndicador.swift; sourceTree = "<group>"; };
		78B84E0B28BD4FFD0059D6B7 /* WebViewExcel.swift */ = {isa = PBXFileReference; lastKnownFileType = sourcecode.swift; path = WebViewExcel.swift; sourceTree = "<group>"; };
		78C249C428AD5B120084B799 /* WebView.swift */ = {isa = PBXFileReference; lastKnownFileType = sourcecode.swift; path = WebView.swift; sourceTree = "<group>"; };
		78C249C728AD850B0084B799 /* FiltroModel.swift */ = {isa = PBXFileReference; lastKnownFileType = sourcecode.swift; path = FiltroModel.swift; sourceTree = "<group>"; };
		78C249C928AD85A80084B799 /* FiltroViewModel.swift */ = {isa = PBXFileReference; lastKnownFileType = sourcecode.swift; path = FiltroViewModel.swift; sourceTree = "<group>"; };
		78D13CE2287F3B4D0038EE47 /* Utils.swift */ = {isa = PBXFileReference; lastKnownFileType = sourcecode.swift; path = Utils.swift; sourceTree = "<group>"; };
		78D9F880288A0CC70087A35A /* Modulo.swift */ = {isa = PBXFileReference; lastKnownFileType = sourcecode.swift; path = Modulo.swift; sourceTree = "<group>"; };
		78DF28FC2885D62500106EF7 /* SlideMenu.swift */ = {isa = PBXFileReference; lastKnownFileType = sourcecode.swift; path = SlideMenu.swift; sourceTree = "<group>"; };
		78DF28FE2885D91B00106EF7 /* Home.swift */ = {isa = PBXFileReference; lastKnownFileType = sourcecode.swift; path = Home.swift; sourceTree = "<group>"; };
		78DF29002886064700106EF7 /* Inicio.swift */ = {isa = PBXFileReference; lastKnownFileType = sourcecode.swift; path = Inicio.swift; sourceTree = "<group>"; };
		78DF290328861E2500106EF7 /* TopBand.swift */ = {isa = PBXFileReference; lastKnownFileType = sourcecode.swift; path = TopBand.swift; sourceTree = "<group>"; };
		78DF290528861E7B00106EF7 /* MenuButton.swift */ = {isa = PBXFileReference; lastKnownFileType = sourcecode.swift; path = MenuButton.swift; sourceTree = "<group>"; };
		78DF290728861F9500106EF7 /* ViewRouter.swift */ = {isa = PBXFileReference; lastKnownFileType = sourcecode.swift; path = ViewRouter.swift; sourceTree = "<group>"; };
		78DF2909288622E400106EF7 /* AcercaDe.swift */ = {isa = PBXFileReference; lastKnownFileType = sourcecode.swift; path = AcercaDe.swift; sourceTree = "<group>"; };
		78F3177F28C11CFD00389DBF /* DetalleItemOrdU006.swift */ = {isa = PBXFileReference; lastKnownFileType = sourcecode.swift; path = DetalleItemOrdU006.swift; sourceTree = "<group>"; };
		78F3178128C1377A00389DBF /* UniversidadesCrisis.swift */ = {isa = PBXFileReference; lastKnownFileType = sourcecode.swift; path = UniversidadesCrisis.swift; sourceTree = "<group>"; };
		78F3178828C1456600389DBF /* ListadoUniversidadesCrisis.swift */ = {isa = PBXFileReference; lastKnownFileType = sourcecode.swift; path = ListadoUniversidadesCrisis.swift; sourceTree = "<group>"; };
		78F3178A28C1457700389DBF /* GraficaUniversidadesCrisis.swift */ = {isa = PBXFileReference; lastKnownFileType = sourcecode.swift; path = GraficaUniversidadesCrisis.swift; sourceTree = "<group>"; };
		78F3178C28C1458A00389DBF /* DetalleListadoUniversidadesCrisis.swift */ = {isa = PBXFileReference; lastKnownFileType = sourcecode.swift; path = DetalleListadoUniversidadesCrisis.swift; sourceTree = "<group>"; };
		78F3178E28C1459B00389DBF /* DetalleItemUniversidadesCrisis.swift */ = {isa = PBXFileReference; lastKnownFileType = sourcecode.swift; path = DetalleItemUniversidadesCrisis.swift; sourceTree = "<group>"; };
		78F3179028C16AFB00389DBF /* ExtraordinarioS247.swift */ = {isa = PBXFileReference; lastKnownFileType = sourcecode.swift; path = ExtraordinarioS247.swift; sourceTree = "<group>"; };
		78F3179328C16CD200389DBF /* ListadoExtraordinarioS247.swift */ = {isa = PBXFileReference; lastKnownFileType = sourcecode.swift; path = ListadoExtraordinarioS247.swift; sourceTree = "<group>"; };
		78F3179528C16CE000389DBF /* GraficaExtraordinarioS247.swift */ = {isa = PBXFileReference; lastKnownFileType = sourcecode.swift; path = GraficaExtraordinarioS247.swift; sourceTree = "<group>"; };
		78F3179728C16CEF00389DBF /* DetalleListadoExtraordinarioS247.swift */ = {isa = PBXFileReference; lastKnownFileType = sourcecode.swift; path = DetalleListadoExtraordinarioS247.swift; sourceTree = "<group>"; };
		78F3179928C16D0200389DBF /* DetalleItemExtraordinarioS247.swift */ = {isa = PBXFileReference; lastKnownFileType = sourcecode.swift; path = DetalleItemExtraordinarioS247.swift; sourceTree = "<group>"; };
		78F3179C28C1740C00389DBF /* ExtraordinarioU006.swift */ = {isa = PBXFileReference; lastKnownFileType = sourcecode.swift; path = ExtraordinarioU006.swift; sourceTree = "<group>"; };
		78F3179E28C175ED00389DBF /* ListadoExtraordinarioU006.swift */ = {isa = PBXFileReference; lastKnownFileType = sourcecode.swift; path = ListadoExtraordinarioU006.swift; sourceTree = "<group>"; };
		78F317A028C175FF00389DBF /* GraficaExtraordinarioU006.swift */ = {isa = PBXFileReference; lastKnownFileType = sourcecode.swift; path = GraficaExtraordinarioU006.swift; sourceTree = "<group>"; };
		78F317A228C1761300389DBF /* DetalleListadoExtraordinarioU006.swift */ = {isa = PBXFileReference; lastKnownFileType = sourcecode.swift; path = DetalleListadoExtraordinarioU006.swift; sourceTree = "<group>"; };
		78F317A428C1762100389DBF /* DetalleItemExtraordinarioU006.swift */ = {isa = PBXFileReference; lastKnownFileType = sourcecode.swift; path = DetalleItemExtraordinarioU006.swift; sourceTree = "<group>"; };
/* End PBXFileReference section */

/* Begin PBXFrameworksBuildPhase section */
		78002B5D286E764300B3B8B4 /* Frameworks */ = {
			isa = PBXFrameworksBuildPhase;
			buildActionMask = 2147483647;
			files = (
			);
			runOnlyForDeploymentPostprocessing = 0;
		};
/* End PBXFrameworksBuildPhase section */

/* Begin PBXGroup section */
		78002B57286E764300B3B8B4 = {
			isa = PBXGroup;
			children = (
				78002B62286E764300B3B8B4 /* CMI */,
				78002B61286E764300B3B8B4 /* Products */,
			);
			sourceTree = "<group>";
		};
		78002B61286E764300B3B8B4 /* Products */ = {
			isa = PBXGroup;
			children = (
				78002B60286E764300B3B8B4 /* CMI - DGESUI.app */,
			);
			name = Products;
			sourceTree = "<group>";
		};
		78002B62286E764300B3B8B4 /* CMI */ = {
			isa = PBXGroup;
			children = (
				7872728A2899C9660018DAB5 /* Info.plist */,
				78D13CE4287F676D0038EE47 /* View */,
				78D13CE0287F385B0038EE47 /* utils */,
				78002B67286E764400B3B8B4 /* Assets.xcassets */,
				78002B69286E764400B3B8B4 /* Preview Content */,
				7872728C2899D1B00018DAB5 /* AppDelegate.swift */,
			);
			path = CMI;
			sourceTree = "<group>";
		};
		78002B69286E764400B3B8B4 /* Preview Content */ = {
			isa = PBXGroup;
			children = (
				78002B6A286E764400B3B8B4 /* Preview Assets.xcassets */,
			);
			path = "Preview Content";
			sourceTree = "<group>";
		};
		784FA5FE28919F1300DF30BE /* Módulos */ = {
			isa = PBXGroup;
			children = (
				78F3178528C1429300389DBF /* Módulo III */,
				78F3178328C1423400389DBF /* Módulo I */,
				787272792894428B0018DAB5 /* Fichas */,
				784FA6022891BBDC00DF30BE /* Filtro */,
				78D9F880288A0CC70087A35A /* Modulo.swift */,
				784FA5FF28919F7500DF30BE /* DetalleModulo.swift */,
				789107202891CE0F00CCB68C /* DetalleIndicador.swift */,
				7886262E28A4421F00048F74 /* ModuloViewModel.swift */,
				788FD89E28A57C7D002C97F3 /* DetalleItem.swift */,
			);
			name = "Módulos";
			sourceTree = "<group>";
		};
		784FA6022891BBDC00DF30BE /* Filtro */ = {
			isa = PBXGroup;
			children = (
				784FA6032891BBE900DF30BE /* Filtro.swift */,
				784FA6052891BD6900DF30BE /* DropDownPeriodos.swift */,
				784FA6072891C6F500DF30BE /* DropDownEjercicioFiscal.swift */,
				784FA6092891C7A700DF30BE /* DropDownEntidadFederativa.swift */,
				784FA60B2891C7DB00DF30BE /* DropDownSubsistema.swift */,
				784FA60D2891C7EA00DF30BE /* DropDownInstitucion.swift */,
				78C249C928AD85A80084B799 /* FiltroViewModel.swift */,
			);
			path = Filtro;
			sourceTree = "<group>";
		};
		7860F2BC28BFFB12003A17E6 /* Módulo_III */ = {
			isa = PBXGroup;
			children = (
				7860F2BD28BFFB93003A17E6 /* OrdinarioU006.swift */,
				78F3178128C1377A00389DBF /* UniversidadesCrisis.swift */,
				78F3179028C16AFB00389DBF /* ExtraordinarioS247.swift */,
				78F3179C28C1740C00389DBF /* ExtraordinarioU006.swift */,
				7881D8E328C25B83006142C8 /* U080.swift */,
			);
			name = "Módulo_III";
			sourceTree = "<group>";
		};
		7866D88028AC199700B71244 /* Ficha */ = {
			isa = PBXGroup;
			children = (
				7866D88128AC19A900B71244 /* FichaModuloIModel.swift */,
			);
			name = Ficha;
			sourceTree = "<group>";
		};
		787272792894428B0018DAB5 /* Fichas */ = {
			isa = PBXGroup;
			children = (
				7872727A289444B80018DAB5 /* FichaModulo_I.swift */,
				7872727C289444C70018DAB5 /* FichaModulo_II.swift */,
				7872727E289444D70018DAB5 /* FichaModulo_III.swift */,
				7866D87E28AC189800B71244 /* FichaViewModel.swift */,
			);
			name = Fichas;
			sourceTree = "<group>";
		};
		787272852899C08E0018DAB5 /* Model */ = {
			isa = PBXGroup;
			children = (
				7860F2BC28BFFB12003A17E6 /* Módulo_III */,
				7886262B28A4396100048F74 /* Módulo_I */,
				787272882899C5BD0018DAB5 /* LoginModel.swift */,
				788F066928BE6A5F00A61A5B /* NetworkManager.swift */,
			);
			name = Model;
			sourceTree = "<group>";
		};
		7881D8DA28C25A40006142C8 /* U080 */ = {
			isa = PBXGroup;
			children = (
				7881D8DB28C25A62006142C8 /* ListadoU080.swift */,
				7881D8DD28C25A6F006142C8 /* GraficaU080.swift */,
				7881D8DF28C25A81006142C8 /* DetalleListadoU080.swift */,
				7881D8E128C25A99006142C8 /* DetalleItemU080.swift */,
			);
			name = U080;
			sourceTree = "<group>";
		};
		7886262B28A4396100048F74 /* Módulo_I */ = {
			isa = PBXGroup;
			children = (
				78C249C628AD84FC0084B799 /* Filtro */,
				7866D88028AC199700B71244 /* Ficha */,
				7886262C28A439A200048F74 /* TasaBrutaEscolarizacionCoberturaModel.swift */,
				7857F15728A6A99E00D75FC3 /* TasaBrutaEscolarizacionCoberturaEntidadFederativaModel.swift */,
				7857F15928A6B35800D75FC3 /* TasaBrutaEscolarizacionCoberturaInstitucionModel.swift */,
				7857F15B28A7051700D75FC3 /* TasaBrutaEscolarizacionPoblacionPrimerosCuatroDecilesIngresoModel.swift */,
				7857F15D28A712A600D75FC3 /* PorcentajeEficienciaTerminalSistemaEducativoNacionalModel.swift */,
				7857F15F28A719F700D75FC3 /* PorcentajeAbanonoEscolarModel.swift */,
				7857F16128A725D400D75FC3 /* GastoFederalEducacionPorcentajePibIesModel.swift */,
				7857F16328A729F000D75FC3 /* GastoFederalEducacionPorcentajePibEntidadModel.swift */,
			);
			name = "Módulo_I";
			path = "Módulo_I";
			sourceTree = "<group>";
		};
		78C249C328AD5B000084B799 /* WebView */ = {
			isa = PBXGroup;
			children = (
				78C249C428AD5B120084B799 /* WebView.swift */,
				78B84E0B28BD4FFD0059D6B7 /* WebViewExcel.swift */,
			);
			path = WebView;
			sourceTree = "<group>";
		};
		78C249C628AD84FC0084B799 /* Filtro */ = {
			isa = PBXGroup;
			children = (
				78C249C728AD850B0084B799 /* FiltroModel.swift */,
			);
			path = Filtro;
			sourceTree = "<group>";
		};
		78D13CE0287F385B0038EE47 /* utils */ = {
			isa = PBXGroup;
			children = (
				78D13CE2287F3B4D0038EE47 /* Utils.swift */,
			);
			name = utils;
			sourceTree = "<group>";
		};
		78D13CE4287F676D0038EE47 /* View */ = {
			isa = PBXGroup;
			children = (
				784FA5FE28919F1300DF30BE /* Módulos */,
				78C249C328AD5B000084B799 /* WebView */,
				787272852899C08E0018DAB5 /* Model */,
				78DF28FB2885D39D00106EF7 /* Menu */,
				78DF29002886064700106EF7 /* Inicio.swift */,
				78002B65286E764300B3B8B4 /* ContentView.swift */,
				78002B63286E764300B3B8B4 /* CMIApp.swift */,
				78DF290728861F9500106EF7 /* ViewRouter.swift */,
				78DF2909288622E400106EF7 /* AcercaDe.swift */,
				7819C1052887242100E7BE73 /* Login.swift */,
				787272862899C0AA0018DAB5 /* AuthUser.swift */,
			);
			name = View;
			sourceTree = "<group>";
		};
		78DF28FB2885D39D00106EF7 /* Menu */ = {
			isa = PBXGroup;
			children = (
				78DF290328861E2500106EF7 /* TopBand.swift */,
				78DF28FC2885D62500106EF7 /* SlideMenu.swift */,
				78DF28FE2885D91B00106EF7 /* Home.swift */,
				78DF290528861E7B00106EF7 /* MenuButton.swift */,
			);
			path = Menu;
			sourceTree = "<group>";
		};
		78F3178328C1423400389DBF /* Módulo I */ = {
			isa = PBXGroup;
			children = (
			);
			name = "Módulo I";
			path = "Módulo I";
			sourceTree = "<group>";
		};
		78F3178528C1429300389DBF /* Módulo III */ = {
			isa = PBXGroup;
			children = (
				7881D8DA28C25A40006142C8 /* U080 */,
				78F3179B28C173E900389DBF /* ExtraordinarioU006 */,
				78F3179228C16CBA00389DBF /* ExtraordinarioS247 */,
				78F3178728C1454000389DBF /* UniversidadesEnCrisis */,
				78F3178628C142A400389DBF /* OridinarioU006 */,
			);
			name = "Módulo III";
			sourceTree = "<group>";
		};
		78F3178628C142A400389DBF /* OridinarioU006 */ = {
			isa = PBXGroup;
			children = (
				788F066F28BE858000A61A5B /* ListadoOrdU006.swift */,
				788F067128BE858E00A61A5B /* GraficaOrdU006.swift */,
				7860F2BA28BFF4B9003A17E6 /* DetalleListadoOrdU006.swift */,
				78F3177F28C11CFD00389DBF /* DetalleItemOrdU006.swift */,
			);
			path = OridinarioU006;
			sourceTree = "<group>";
		};
		78F3178728C1454000389DBF /* UniversidadesEnCrisis */ = {
			isa = PBXGroup;
			children = (
				78F3178828C1456600389DBF /* ListadoUniversidadesCrisis.swift */,
				78F3178A28C1457700389DBF /* GraficaUniversidadesCrisis.swift */,
				78F3178C28C1458A00389DBF /* DetalleListadoUniversidadesCrisis.swift */,
				78F3178E28C1459B00389DBF /* DetalleItemUniversidadesCrisis.swift */,
			);
			name = UniversidadesEnCrisis;
			sourceTree = "<group>";
		};
		78F3179228C16CBA00389DBF /* ExtraordinarioS247 */ = {
			isa = PBXGroup;
			children = (
				78F3179328C16CD200389DBF /* ListadoExtraordinarioS247.swift */,
				78F3179528C16CE000389DBF /* GraficaExtraordinarioS247.swift */,
				78F3179728C16CEF00389DBF /* DetalleListadoExtraordinarioS247.swift */,
				78F3179928C16D0200389DBF /* DetalleItemExtraordinarioS247.swift */,
			);
			name = ExtraordinarioS247;
			sourceTree = "<group>";
		};
		78F3179B28C173E900389DBF /* ExtraordinarioU006 */ = {
			isa = PBXGroup;
			children = (
				78F3179E28C175ED00389DBF /* ListadoExtraordinarioU006.swift */,
				78F317A028C175FF00389DBF /* GraficaExtraordinarioU006.swift */,
				78F317A228C1761300389DBF /* DetalleListadoExtraordinarioU006.swift */,
				78F317A428C1762100389DBF /* DetalleItemExtraordinarioU006.swift */,
			);
			path = ExtraordinarioU006;
			sourceTree = "<group>";
		};
/* End PBXGroup section */

/* Begin PBXNativeTarget section */
		78002B5F286E764300B3B8B4 /* CMI - DGESUI */ = {
			isa = PBXNativeTarget;
			buildConfigurationList = 78002B6E286E764400B3B8B4 /* Build configuration list for PBXNativeTarget "CMI - DGESUI" */;
			buildPhases = (
				78002B5C286E764300B3B8B4 /* Sources */,
				78002B5D286E764300B3B8B4 /* Frameworks */,
				78002B5E286E764300B3B8B4 /* Resources */,
			);
			buildRules = (
			);
			dependencies = (
			);
			name = "CMI - DGESUI";
			productName = CMI;
			productReference = 78002B60286E764300B3B8B4 /* CMI - DGESUI.app */;
			productType = "com.apple.product-type.application";
		};
/* End PBXNativeTarget section */

/* Begin PBXProject section */
		78002B58286E764300B3B8B4 /* Project object */ = {
			isa = PBXProject;
			attributes = {
				BuildIndependentTargetsInParallel = 1;
				LastSwiftUpdateCheck = 1330;
				LastUpgradeCheck = 1330;
				TargetAttributes = {
					78002B5F286E764300B3B8B4 = {
						CreatedOnToolsVersion = 13.3.1;
					};
				};
			};
			buildConfigurationList = 78002B5B286E764300B3B8B4 /* Build configuration list for PBXProject "CMI - DGESUI" */;
			compatibilityVersion = "Xcode 13.0";
			developmentRegion = en;
			hasScannedForEncodings = 0;
			knownRegions = (
				en,
				Base,
			);
			mainGroup = 78002B57286E764300B3B8B4;
			productRefGroup = 78002B61286E764300B3B8B4 /* Products */;
			projectDirPath = "";
			projectRoot = "";
			targets = (
				78002B5F286E764300B3B8B4 /* CMI - DGESUI */,
			);
		};
/* End PBXProject section */

/* Begin PBXResourcesBuildPhase section */
		78002B5E286E764300B3B8B4 /* Resources */ = {
			isa = PBXResourcesBuildPhase;
			buildActionMask = 2147483647;
			files = (
				78002B6B286E764400B3B8B4 /* Preview Assets.xcassets in Resources */,
				78002B68286E764400B3B8B4 /* Assets.xcassets in Resources */,
			);
			runOnlyForDeploymentPostprocessing = 0;
		};
/* End PBXResourcesBuildPhase section */

/* Begin PBXSourcesBuildPhase section */
		78002B5C286E764300B3B8B4 /* Sources */ = {
			isa = PBXSourcesBuildPhase;
			buildActionMask = 2147483647;
			files = (
				78F317A328C1761300389DBF /* DetalleListadoExtraordinarioU006.swift in Sources */,
				78C249CA28AD85A80084B799 /* FiltroViewModel.swift in Sources */,
				7872727D289444C70018DAB5 /* FichaModulo_II.swift in Sources */,
				78C249C528AD5B120084B799 /* WebView.swift in Sources */,
				789107212891CE0F00CCB68C /* DetalleIndicador.swift in Sources */,
				7857F16028A719F700D75FC3 /* PorcentajeAbanonoEscolarModel.swift in Sources */,
				7857F16228A725D400D75FC3 /* GastoFederalEducacionPorcentajePibIesModel.swift in Sources */,
				78F3179128C16AFB00389DBF /* ExtraordinarioS247.swift in Sources */,
				78F3178928C1456600389DBF /* ListadoUniversidadesCrisis.swift in Sources */,
				78F317A128C175FF00389DBF /* GraficaExtraordinarioU006.swift in Sources */,
				78DF290828861F9500106EF7 /* ViewRouter.swift in Sources */,
				787272872899C0AA0018DAB5 /* AuthUser.swift in Sources */,
				78DF290A288622E400106EF7 /* AcercaDe.swift in Sources */,
				7881D8E228C25A99006142C8 /* DetalleItemU080.swift in Sources */,
				7886262D28A439A200048F74 /* TasaBrutaEscolarizacionCoberturaModel.swift in Sources */,
				7881D8DE28C25A6F006142C8 /* GraficaU080.swift in Sources */,
				78F3179F28C175ED00389DBF /* ListadoExtraordinarioU006.swift in Sources */,
				78DF28FD2885D62500106EF7 /* SlideMenu.swift in Sources */,
				784FA6082891C6F500DF30BE /* DropDownEjercicioFiscal.swift in Sources */,
				78F3179428C16CD200389DBF /* ListadoExtraordinarioS247.swift in Sources */,
				784FA60C2891C7DB00DF30BE /* DropDownSubsistema.swift in Sources */,
				78F3178228C1377A00389DBF /* UniversidadesCrisis.swift in Sources */,
				7857F15E28A712A600D75FC3 /* PorcentajeEficienciaTerminalSistemaEducativoNacionalModel.swift in Sources */,
				7857F15A28A6B35800D75FC3 /* TasaBrutaEscolarizacionCoberturaInstitucionModel.swift in Sources */,
				78F3178F28C1459B00389DBF /* DetalleItemUniversidadesCrisis.swift in Sources */,
				784FA6062891BD6900DF30BE /* DropDownPeriodos.swift in Sources */,
				7819C1062887242100E7BE73 /* Login.swift in Sources */,
				788F067028BE858000A61A5B /* ListadoOrdU006.swift in Sources */,
				78F3179D28C1740C00389DBF /* ExtraordinarioU006.swift in Sources */,
				78D9F881288A0CC70087A35A /* Modulo.swift in Sources */,
				78F3179828C16CEF00389DBF /* DetalleListadoExtraordinarioS247.swift in Sources */,
				7860F2BE28BFFB93003A17E6 /* OrdinarioU006.swift in Sources */,
				7872727B289444B80018DAB5 /* FichaModulo_I.swift in Sources */,
				7857F15C28A7051700D75FC3 /* TasaBrutaEscolarizacionPoblacionPrimerosCuatroDecilesIngresoModel.swift in Sources */,
				7886262F28A4421F00048F74 /* ModuloViewModel.swift in Sources */,
				78F3178028C11CFD00389DBF /* DetalleItemOrdU006.swift in Sources */,
				7857F16428A729F000D75FC3 /* GastoFederalEducacionPorcentajePibEntidadModel.swift in Sources */,
				78002B66286E764300B3B8B4 /* ContentView.swift in Sources */,
				78DF29012886064700106EF7 /* Inicio.swift in Sources */,
				78DF28FF2885D91B00106EF7 /* Home.swift in Sources */,
				788F067228BE858E00A61A5B /* GraficaOrdU006.swift in Sources */,
				7866D88228AC19A900B71244 /* FichaModuloIModel.swift in Sources */,
				7866D87F28AC189800B71244 /* FichaViewModel.swift in Sources */,
				7881D8DC28C25A62006142C8 /* ListadoU080.swift in Sources */,
				784FA60028919F7500DF30BE /* DetalleModulo.swift in Sources */,
				78DF290628861E7B00106EF7 /* MenuButton.swift in Sources */,
				7881D8E428C25B83006142C8 /* U080.swift in Sources */,
				784FA60E2891C7EA00DF30BE /* DropDownInstitucion.swift in Sources */,
				78F3178D28C1458A00389DBF /* DetalleListadoUniversidadesCrisis.swift in Sources */,
				7881D8E028C25A81006142C8 /* DetalleListadoU080.swift in Sources */,
				78002B64286E764300B3B8B4 /* CMIApp.swift in Sources */,
				78D13CE3287F3B4D0038EE47 /* Utils.swift in Sources */,
				7872728D2899D1B00018DAB5 /* AppDelegate.swift in Sources */,
				78C249C828AD850B0084B799 /* FiltroModel.swift in Sources */,
				78F3179A28C16D0200389DBF /* DetalleItemExtraordinarioS247.swift in Sources */,
				788FD89F28A57C7D002C97F3 /* DetalleItem.swift in Sources */,
				787272892899C5BD0018DAB5 /* LoginModel.swift in Sources */,
				7860F2BB28BFF4B9003A17E6 /* DetalleListadoOrdU006.swift in Sources */,
				7857F15828A6A99E00D75FC3 /* TasaBrutaEscolarizacionCoberturaEntidadFederativaModel.swift in Sources */,
				78F3178B28C1457700389DBF /* GraficaUniversidadesCrisis.swift in Sources */,
				784FA6042891BBE900DF30BE /* Filtro.swift in Sources */,
				78B84E0C28BD4FFD0059D6B7 /* WebViewExcel.swift in Sources */,
				7872727F289444D70018DAB5 /* FichaModulo_III.swift in Sources */,
				78DF290428861E2500106EF7 /* TopBand.swift in Sources */,
				78F317A528C1762100389DBF /* DetalleItemExtraordinarioU006.swift in Sources */,
				788F066A28BE6A5F00A61A5B /* NetworkManager.swift in Sources */,
				784FA60A2891C7A700DF30BE /* DropDownEntidadFederativa.swift in Sources */,
				78F3179628C16CE000389DBF /* GraficaExtraordinarioS247.swift in Sources */,
			);
			runOnlyForDeploymentPostprocessing = 0;
		};
/* End PBXSourcesBuildPhase section */

/* Begin XCBuildConfiguration section */
		78002B6C286E764400B3B8B4 /* Debug */ = {
			isa = XCBuildConfiguration;
			buildSettings = {
				ALWAYS_SEARCH_USER_PATHS = NO;
				CLANG_ANALYZER_NONNULL = YES;
				CLANG_ANALYZER_NUMBER_OBJECT_CONVERSION = YES_AGGRESSIVE;
				CLANG_CXX_LANGUAGE_STANDARD = "gnu++17";
				CLANG_ENABLE_MODULES = YES;
				CLANG_ENABLE_OBJC_ARC = YES;
				CLANG_ENABLE_OBJC_WEAK = YES;
				CLANG_WARN_BLOCK_CAPTURE_AUTORELEASING = YES;
				CLANG_WARN_BOOL_CONVERSION = YES;
				CLANG_WARN_COMMA = YES;
				CLANG_WARN_CONSTANT_CONVERSION = YES;
				CLANG_WARN_DEPRECATED_OBJC_IMPLEMENTATIONS = YES;
				CLANG_WARN_DIRECT_OBJC_ISA_USAGE = YES_ERROR;
				CLANG_WARN_DOCUMENTATION_COMMENTS = YES;
				CLANG_WARN_EMPTY_BODY = YES;
				CLANG_WARN_ENUM_CONVERSION = YES;
				CLANG_WARN_INFINITE_RECURSION = YES;
				CLANG_WARN_INT_CONVERSION = YES;
				CLANG_WARN_NON_LITERAL_NULL_CONVERSION = YES;
				CLANG_WARN_OBJC_IMPLICIT_RETAIN_SELF = YES;
				CLANG_WARN_OBJC_LITERAL_CONVERSION = YES;
				CLANG_WARN_OBJC_ROOT_CLASS = YES_ERROR;
				CLANG_WARN_QUOTED_INCLUDE_IN_FRAMEWORK_HEADER = YES;
				CLANG_WARN_RANGE_LOOP_ANALYSIS = YES;
				CLANG_WARN_STRICT_PROTOTYPES = YES;
				CLANG_WARN_SUSPICIOUS_MOVE = YES;
				CLANG_WARN_UNGUARDED_AVAILABILITY = YES_AGGRESSIVE;
				CLANG_WARN_UNREACHABLE_CODE = YES;
				CLANG_WARN__DUPLICATE_METHOD_MATCH = YES;
				CODE_SIGN_IDENTITY = "iPhone Distribution: Direccion General de Educacion Superior Universitaria e Intercultural (DGESUI) (MYY8YFL9J8)";
				COPY_PHASE_STRIP = NO;
				DEBUG_INFORMATION_FORMAT = dwarf;
				ENABLE_STRICT_OBJC_MSGSEND = YES;
				ENABLE_TESTABILITY = YES;
				GCC_C_LANGUAGE_STANDARD = gnu11;
				GCC_DYNAMIC_NO_PIC = NO;
				GCC_NO_COMMON_BLOCKS = YES;
				GCC_OPTIMIZATION_LEVEL = 0;
				GCC_PREPROCESSOR_DEFINITIONS = (
					"DEBUG=1",
					"$(inherited)",
				);
				GCC_WARN_64_TO_32_BIT_CONVERSION = YES;
				GCC_WARN_ABOUT_RETURN_TYPE = YES_ERROR;
				GCC_WARN_UNDECLARED_SELECTOR = YES;
				GCC_WARN_UNINITIALIZED_AUTOS = YES_AGGRESSIVE;
				GCC_WARN_UNUSED_FUNCTION = YES;
				GCC_WARN_UNUSED_VARIABLE = YES;
				IPHONEOS_DEPLOYMENT_TARGET = 15.4;
				MTL_ENABLE_DEBUG_INFO = INCLUDE_SOURCE;
				MTL_FAST_MATH = YES;
				ONLY_ACTIVE_ARCH = YES;
				PROVISIONING_PROFILE_SPECIFIER = "";
				SDKROOT = iphoneos;
				SWIFT_ACTIVE_COMPILATION_CONDITIONS = DEBUG;
				SWIFT_OPTIMIZATION_LEVEL = "-Onone";
			};
			name = Debug;
		};
		78002B6D286E764400B3B8B4 /* Release */ = {
			isa = XCBuildConfiguration;
			buildSettings = {
				ALWAYS_SEARCH_USER_PATHS = NO;
				CLANG_ANALYZER_NONNULL = YES;
				CLANG_ANALYZER_NUMBER_OBJECT_CONVERSION = YES_AGGRESSIVE;
				CLANG_CXX_LANGUAGE_STANDARD = "gnu++17";
				CLANG_ENABLE_MODULES = YES;
				CLANG_ENABLE_OBJC_ARC = YES;
				CLANG_ENABLE_OBJC_WEAK = YES;
				CLANG_WARN_BLOCK_CAPTURE_AUTORELEASING = YES;
				CLANG_WARN_BOOL_CONVERSION = YES;
				CLANG_WARN_COMMA = YES;
				CLANG_WARN_CONSTANT_CONVERSION = YES;
				CLANG_WARN_DEPRECATED_OBJC_IMPLEMENTATIONS = YES;
				CLANG_WARN_DIRECT_OBJC_ISA_USAGE = YES_ERROR;
				CLANG_WARN_DOCUMENTATION_COMMENTS = YES;
				CLANG_WARN_EMPTY_BODY = YES;
				CLANG_WARN_ENUM_CONVERSION = YES;
				CLANG_WARN_INFINITE_RECURSION = YES;
				CLANG_WARN_INT_CONVERSION = YES;
				CLANG_WARN_NON_LITERAL_NULL_CONVERSION = YES;
				CLANG_WARN_OBJC_IMPLICIT_RETAIN_SELF = YES;
				CLANG_WARN_OBJC_LITERAL_CONVERSION = YES;
				CLANG_WARN_OBJC_ROOT_CLASS = YES_ERROR;
				CLANG_WARN_QUOTED_INCLUDE_IN_FRAMEWORK_HEADER = YES;
				CLANG_WARN_RANGE_LOOP_ANALYSIS = YES;
				CLANG_WARN_STRICT_PROTOTYPES = YES;
				CLANG_WARN_SUSPICIOUS_MOVE = YES;
				CLANG_WARN_UNGUARDED_AVAILABILITY = YES_AGGRESSIVE;
				CLANG_WARN_UNREACHABLE_CODE = YES;
				CLANG_WARN__DUPLICATE_METHOD_MATCH = YES;
				CODE_SIGN_IDENTITY = "iPhone Distribution: Direccion General de Educacion Superior Universitaria e Intercultural (DGESUI) (MYY8YFL9J8)";
				COPY_PHASE_STRIP = NO;
				DEBUG_INFORMATION_FORMAT = "dwarf-with-dsym";
				ENABLE_NS_ASSERTIONS = NO;
				ENABLE_STRICT_OBJC_MSGSEND = YES;
				GCC_C_LANGUAGE_STANDARD = gnu11;
				GCC_NO_COMMON_BLOCKS = YES;
				GCC_WARN_64_TO_32_BIT_CONVERSION = YES;
				GCC_WARN_ABOUT_RETURN_TYPE = YES_ERROR;
				GCC_WARN_UNDECLARED_SELECTOR = YES;
				GCC_WARN_UNINITIALIZED_AUTOS = YES_AGGRESSIVE;
				GCC_WARN_UNUSED_FUNCTION = YES;
				GCC_WARN_UNUSED_VARIABLE = YES;
				IPHONEOS_DEPLOYMENT_TARGET = 15.4;
				MTL_ENABLE_DEBUG_INFO = NO;
				MTL_FAST_MATH = YES;
				PROVISIONING_PROFILE_SPECIFIER = "";
				SDKROOT = iphoneos;
				SWIFT_COMPILATION_MODE = wholemodule;
				SWIFT_OPTIMIZATION_LEVEL = "-O";
				VALIDATE_PRODUCT = YES;
			};
			name = Release;
		};
		78002B6F286E764400B3B8B4 /* Debug */ = {
			isa = XCBuildConfiguration;
			buildSettings = {
				ASSETCATALOG_COMPILER_APPICON_NAME = AppIcon;
				ASSETCATALOG_COMPILER_GLOBAL_ACCENT_COLOR_NAME = AccentColor;
				CODE_SIGN_IDENTITY = "iPhone Distribution: Direccion General de Educacion Superior Universitaria e Intercultural (DGESUI) (MYY8YFL9J8)";
				CODE_SIGN_STYLE = Manual;
				CURRENT_PROJECT_VERSION = 3;
				DEVELOPMENT_ASSET_PATHS = "\"CMI/Preview Content\"";
				DEVELOPMENT_TEAM = MYY8YFL9J8;
				ENABLE_PREVIEWS = YES;
				GENERATE_INFOPLIST_FILE = YES;
				INFOPLIST_FILE = CMI/Info.plist;
				INFOPLIST_KEY_CFBundleDisplayName = "CMI - DGESUI";
				INFOPLIST_KEY_LSSupportsOpeningDocumentsInPlace = YES;
				INFOPLIST_KEY_UIApplicationSceneManifest_Generation = YES;
				INFOPLIST_KEY_UIApplicationSupportsIndirectInputEvents = YES;
				INFOPLIST_KEY_UILaunchScreen_Generation = YES;
				INFOPLIST_KEY_UISupportedInterfaceOrientations = UIInterfaceOrientationPortrait;
				INFOPLIST_KEY_UISupportedInterfaceOrientations_iPad = "UIInterfaceOrientationPortrait UIInterfaceOrientationPortraitUpsideDown UIInterfaceOrientationLandscapeLeft UIInterfaceOrientationLandscapeRight";
				INFOPLIST_KEY_UISupportedInterfaceOrientations_iPhone = "UIInterfaceOrientationPortrait UIInterfaceOrientationLandscapeLeft UIInterfaceOrientationLandscapeRight";
				IPHONEOS_DEPLOYMENT_TARGET = 15.4;
				LD_RUNPATH_SEARCH_PATHS = (
					"$(inherited)",
					"@executable_path/Frameworks",
				);
				MARKETING_VERSION = 1.0;
				PRODUCT_BUNDLE_IDENTIFIER = dgesui.ses.sep.gob.mx.cmi;
				PRODUCT_NAME = "$(TARGET_NAME)";
				PROVISIONING_PROFILE_SPECIFIER = "Profile cmi";
				SWIFT_EMIT_LOC_STRINGS = YES;
				SWIFT_VERSION = 5.0;
				TARGETED_DEVICE_FAMILY = 1;
			};
			name = Debug;
		};
		78002B70286E764400B3B8B4 /* Release */ = {
			isa = XCBuildConfiguration;
			buildSettings = {
				ASSETCATALOG_COMPILER_APPICON_NAME = AppIcon;
				ASSETCATALOG_COMPILER_GLOBAL_ACCENT_COLOR_NAME = AccentColor;
				CODE_SIGN_IDENTITY = "iPhone Distribution: Direccion General de Educacion Superior Universitaria e Intercultural (DGESUI) (MYY8YFL9J8)";
				CODE_SIGN_STYLE = Manual;
				CURRENT_PROJECT_VERSION = 3;
				DEVELOPMENT_ASSET_PATHS = "\"CMI/Preview Content\"";
				DEVELOPMENT_TEAM = MYY8YFL9J8;
				ENABLE_PREVIEWS = YES;
				GENERATE_INFOPLIST_FILE = YES;
				INFOPLIST_FILE = CMI/Info.plist;
				INFOPLIST_KEY_CFBundleDisplayName = "CMI - DGESUI";
				INFOPLIST_KEY_LSSupportsOpeningDocumentsInPlace = YES;
				INFOPLIST_KEY_UIApplicationSceneManifest_Generation = YES;
				INFOPLIST_KEY_UIApplicationSupportsIndirectInputEvents = YES;
				INFOPLIST_KEY_UILaunchScreen_Generation = YES;
				INFOPLIST_KEY_UISupportedInterfaceOrientations = UIInterfaceOrientationPortrait;
				INFOPLIST_KEY_UISupportedInterfaceOrientations_iPad = "UIInterfaceOrientationPortrait UIInterfaceOrientationPortraitUpsideDown UIInterfaceOrientationLandscapeLeft UIInterfaceOrientationLandscapeRight";
				INFOPLIST_KEY_UISupportedInterfaceOrientations_iPhone = "UIInterfaceOrientationPortrait UIInterfaceOrientationLandscapeLeft UIInterfaceOrientationLandscapeRight";
				IPHONEOS_DEPLOYMENT_TARGET = 15.4;
				LD_RUNPATH_SEARCH_PATHS = (
					"$(inherited)",
					"@executable_path/Frameworks",
				);
				MARKETING_VERSION = 1.0;
				PRODUCT_BUNDLE_IDENTIFIER = dgesui.ses.sep.gob.mx.cmi;
				PRODUCT_NAME = "$(TARGET_NAME)";
				PROVISIONING_PROFILE_SPECIFIER = "Profile cmi";
				SWIFT_EMIT_LOC_STRINGS = YES;
				SWIFT_VERSION = 5.0;
				TARGETED_DEVICE_FAMILY = 1;
			};
			name = Release;
		};
/* End XCBuildConfiguration section */

/* Begin XCConfigurationList section */
		78002B5B286E764300B3B8B4 /* Build configuration list for PBXProject "CMI - DGESUI" */ = {
			isa = XCConfigurationList;
			buildConfigurations = (
				78002B6C286E764400B3B8B4 /* Debug */,
				78002B6D286E764400B3B8B4 /* Release */,
			);
			defaultConfigurationIsVisible = 0;
			defaultConfigurationName = Release;
		};
		78002B6E286E764400B3B8B4 /* Build configuration list for PBXNativeTarget "CMI - DGESUI" */ = {
			isa = XCConfigurationList;
			buildConfigurations = (
				78002B6F286E764400B3B8B4 /* Debug */,
				78002B70286E764400B3B8B4 /* Release */,
			);
			defaultConfigurationIsVisible = 0;
			defaultConfigurationName = Release;
		};
/* End XCConfigurationList section */
	};
	rootObject = 78002B58286E764300B3B8B4 /* Project object */;
}
